Microsoft Visual Studio Solution File, Format Version 12.00
# Visual Studio Version 17
VisualStudioVersion = 17.5.2.0
MinimumVisualStudioVersion = 10.0.40219.1
Project("{FAE04EC0-301F-11D3-BF4B-00C04F79EFBC}") = "if1", "if1\if1.csproj", "{4EA53C1D-5FEF-1ADE-4A12-E0FA30F14B9E}"
EndProject
Global
	GlobalSection(SolutionConfigurationPlatforms) = preSolution
		Debug|Any CPU = Debug|Any CPU
		Release|Any CPU = Release|Any CPU
	EndGlobalSection
	GlobalSection(ProjectConfigurationPlatforms) = postSolution
		{4EA53C1D-5FEF-1ADE-4A12-E0FA30F14B9E}.Debug|Any CPU.ActiveCfg = Debug|Any CPU
		{4EA53C1D-5FEF-1ADE-4A12-E0FA30F14B9E}.Debug|Any CPU.Build.0 = Debug|Any CPU
		{4EA53C1D-5FEF-1ADE-4A12-E0FA30F14B9E}.Release|Any CPU.ActiveCfg = Release|Any CPU
		{4EA53C1D-5FEF-1ADE-4A12-E0FA30F14B9E}.Release|Any CPU.Build.0 = Release|Any CPU
	EndGlobalSection
	GlobalSection(SolutionProperties) = preSolution
		HideSolutionNode = FALSE
	EndGlobalSection
	GlobalSection(ExtensibilityGlobals) = postSolution
		SolutionGuid = {FBE02335-BC4E-4151-AEAF-F4E9168A1F13}
	EndGlobalSection
EndGlobal
